
Microsoft Visual Studio Solution File, Format Version 12.00
# Visual Studio Version 17
VisualStudioVersion = 17.0.31710.8
MinimumVisualStudioVersion = 10.0.40219.1
Project("{2150E333-8FDC-42A3-9474-1A3956D46DE8}") = "src", "src", "{01259B39-38E6-4A49-AB76-E6C3387413CF}"
EndProject
Project("{9A19103F-16F7-4668-BE54-9A1E7A4F7556}") = "WebClient", "src\WebClient\WebClient.csproj", "{4DF81BE5-5ED0-4264-B6B6-68CB74F62C8F}"
EndProject
Project("{9A19103F-16F7-4668-BE54-9A1E7A4F7556}") = "Common", "src\Common\Common.csproj", "{DA5488A2-AD45-47D3-8CD8-EE3E9BADDC03}"
EndProject
Project("{FAE04EC0-301F-11D3-BF4B-00C04F79EFBC}") = "FunctionApp.InProcess", "FunctionApp.InProcess\FunctionApp.InProcess.csproj", "{1B7DDF7C-B36A-4401-8B0F-02DA7F0CC40E}"
EndProject
Global
	GlobalSection(SolutionConfigurationPlatforms) = preSolution
		Debug|Any CPU = Debug|Any CPU
		Release|Any CPU = Release|Any CPU
	EndGlobalSection
	GlobalSection(ProjectConfigurationPlatforms) = postSolution
		{4DF81BE5-5ED0-4264-B6B6-68CB74F62C8F}.Debug|Any CPU.ActiveCfg = Debug|Any CPU
		{4DF81BE5-5ED0-4264-B6B6-68CB74F62C8F}.Debug|Any CPU.Build.0 = Debug|Any CPU
		{4DF81BE5-5ED0-4264-B6B6-68CB74F62C8F}.Release|Any CPU.ActiveCfg = Release|Any CPU
		{4DF81BE5-5ED0-4264-B6B6-68CB74F62C8F}.Release|Any CPU.Build.0 = Release|Any CPU
		{DA5488A2-AD45-47D3-8CD8-EE3E9BADDC03}.Debug|Any CPU.ActiveCfg = Debug|Any CPU
		{DA5488A2-AD45-47D3-8CD8-EE3E9BADDC03}.Debug|Any CPU.Build.0 = Debug|Any CPU
		{DA5488A2-AD45-47D3-8CD8-EE3E9BADDC03}.Release|Any CPU.ActiveCfg = Release|Any CPU
		{DA5488A2-AD45-47D3-8CD8-EE3E9BADDC03}.Release|Any CPU.Build.0 = Release|Any CPU
		{1B7DDF7C-B36A-4401-8B0F-02DA7F0CC40E}.Debug|Any CPU.ActiveCfg = Debug|Any CPU
		{1B7DDF7C-B36A-4401-8B0F-02DA7F0CC40E}.Debug|Any CPU.Build.0 = Debug|Any CPU
		{1B7DDF7C-B36A-4401-8B0F-02DA7F0CC40E}.Release|Any CPU.ActiveCfg = Release|Any CPU
		{1B7DDF7C-B36A-4401-8B0F-02DA7F0CC40E}.Release|Any CPU.Build.0 = Release|Any CPU
	EndGlobalSection
	GlobalSection(SolutionProperties) = preSolution
		HideSolutionNode = FALSE
	EndGlobalSection
	GlobalSection(NestedProjects) = preSolution
		{4DF81BE5-5ED0-4264-B6B6-68CB74F62C8F} = {01259B39-38E6-4A49-AB76-E6C3387413CF}
		{1B7DDF7C-B36A-4401-8B0F-02DA7F0CC40E} = {01259B39-38E6-4A49-AB76-E6C3387413CF}
	EndGlobalSection
	GlobalSection(ExtensibilityGlobals) = postSolution
		SolutionGuid = {55A0C230-24BD-40C4-B35D-402351098063}
	EndGlobalSection
EndGlobal
